
Microsoft Visual Studio Solution File, Format Version 12.00
Project("{FAE04EC0-301F-11D3-BF4B-00C04F79EFBC}") = "coders", "coders\coders.csproj", "{1CB8C81E-AC90-4C4D-8837-C65B39B51A04}"
EndProject
Project("{FAE04EC0-301F-11D3-BF4B-00C04F79EFBC}") = "JsspParser", "..\codersz_engine\JsspParser\JsspParser.csproj", "{997FE819-DD1B-4A39-BEF3-88DF663AC113}"
EndProject
Project("{FAE04EC0-301F-11D3-BF4B-00C04F79EFBC}") = "JsspPlatform", "..\codersz_engine\JsspPlatform\JsspPlatform.csproj", "{D6FD1A52-1E43-4658-84B3-8054A5E755B1}"
EndProject
Project("{FAE04EC0-301F-11D3-BF4B-00C04F79EFBC}") = "JsspLlm", "..\codersz_engine\JsspLlm\JsspLlm.csproj", "{7450DD76-A135-4AF3-8202-95F36DCB11BA}"
EndProject
Project("{FAE04EC0-301F-11D3-BF4B-00C04F79EFBC}") = "JsspCore", "..\codersz_engine\JsspCore\JsspCore.csproj", "{AD6ABA9D-CD90-472B-ACC6-6A251C989BBF}"
EndProject
Global
	GlobalSection(SolutionConfigurationPlatforms) = preSolution
		Debug|Any CPU = Debug|Any CPU
		Release|Any CPU = Release|Any CPU
	EndGlobalSection
	GlobalSection(ProjectConfigurationPlatforms) = postSolution
		{1CB8C81E-AC90-4C4D-8837-C65B39B51A04}.Debug|Any CPU.ActiveCfg = Debug|Any CPU
		{1CB8C81E-AC90-4C4D-8837-C65B39B51A04}.Debug|Any CPU.Build.0 = Debug|Any CPU
		{1CB8C81E-AC90-4C4D-8837-C65B39B51A04}.Release|Any CPU.ActiveCfg = Release|Any CPU
		{1CB8C81E-AC90-4C4D-8837-C65B39B51A04}.Release|Any CPU.Build.0 = Release|Any CPU
		{997FE819-DD1B-4A39-BEF3-88DF663AC113}.Debug|Any CPU.ActiveCfg = Debug|Any CPU
		{997FE819-DD1B-4A39-BEF3-88DF663AC113}.Debug|Any CPU.Build.0 = Debug|Any CPU
		{997FE819-DD1B-4A39-BEF3-88DF663AC113}.Release|Any CPU.ActiveCfg = Release|Any CPU
		{997FE819-DD1B-4A39-BEF3-88DF663AC113}.Release|Any CPU.Build.0 = Release|Any CPU
		{D6FD1A52-1E43-4658-84B3-8054A5E755B1}.Debug|Any CPU.ActiveCfg = Debug|Any CPU
		{D6FD1A52-1E43-4658-84B3-8054A5E755B1}.Debug|Any CPU.Build.0 = Debug|Any CPU
		{D6FD1A52-1E43-4658-84B3-8054A5E755B1}.Release|Any CPU.ActiveCfg = Release|Any CPU
		{D6FD1A52-1E43-4658-84B3-8054A5E755B1}.Release|Any CPU.Build.0 = Release|Any CPU
		{7450DD76-A135-4AF3-8202-95F36DCB11BA}.Debug|Any CPU.ActiveCfg = Debug|Any CPU
		{7450DD76-A135-4AF3-8202-95F36DCB11BA}.Debug|Any CPU.Build.0 = Debug|Any CPU
		{7450DD76-A135-4AF3-8202-95F36DCB11BA}.Release|Any CPU.ActiveCfg = Release|Any CPU
		{7450DD76-A135-4AF3-8202-95F36DCB11BA}.Release|Any CPU.Build.0 = Release|Any CPU
		{AD6ABA9D-CD90-472B-ACC6-6A251C989BBF}.Debug|Any CPU.ActiveCfg = Debug|Any CPU
		{AD6ABA9D-CD90-472B-ACC6-6A251C989BBF}.Debug|Any CPU.Build.0 = Debug|Any CPU
		{AD6ABA9D-CD90-472B-ACC6-6A251C989BBF}.Release|Any CPU.ActiveCfg = Release|Any CPU
		{AD6ABA9D-CD90-472B-ACC6-6A251C989BBF}.Release|Any CPU.Build.0 = Release|Any CPU
	EndGlobalSection
EndGlobal
